
Microsoft Visual Studio Solution File, Format Version 12.00
# Visual Studio Version 16
VisualStudioVersion = 16.0.31410.357
MinimumVisualStudioVersion = 10.0.40219.1
Project("{9A19103F-16F7-4668-BE54-9A1E7A4F7556}") = "Core2022.Web", "Core2022.Web\Core2022.Web.csproj", "{84973E0A-E2B6-4263-8111-54A3A5692945}"
EndProject
Project("{2150E333-8FDC-42A3-9474-1A3956D46DE8}") = "0-Infrastructure", "0-Infrastructure", "{74F56348-1A53-4C9B-8FC3-33597DF8CCFA}"
EndProject
Project("{2150E333-8FDC-42A3-9474-1A3956D46DE8}") = "1-Presentation", "1-Presentation", "{1CA66D2E-4858-4C53-BAA0-5F9E7DAB3265}"
EndProject
Project("{2150E333-8FDC-42A3-9474-1A3956D46DE8}") = "2-Application", "2-Application", "{D777D5C2-405F-4FDA-8741-B2F8D02B107F}"
EndProject
Project("{2150E333-8FDC-42A3-9474-1A3956D46DE8}") = "3-Domain", "3-Domain", "{14E35261-7936-4482-8085-1AF92EECDE9D}"
EndProject
Project("{2150E333-8FDC-42A3-9474-1A3956D46DE8}") = "4-Repository", "4-Repository", "{0037E0D9-C184-4ED1-8709-543DF71566B3}"
EndProject
Project("{9A19103F-16F7-4668-BE54-9A1E7A4F7556}") = "Core2022.Repository", "Core2022.Repository\Core2022.Repository.csproj", "{C1A5942C-8A06-4968-9C6B-283551B5B334}"
EndProject
Project("{9A19103F-16F7-4668-BE54-9A1E7A4F7556}") = "Core2022.Repository.Interface", "Core2022.Repository.Interface\Core2022.Repository.Interface.csproj", "{4C89B7F8-5782-44A8-A33C-FCA4DEF6C1B1}"
EndProject
Project("{9A19103F-16F7-4668-BE54-9A1E7A4F7556}") = "Core2022.Domain.Interface", "Core2022.Domain.Interface\Core2022.Domain.Interface.csproj", "{0F4340A6-B507-4860-8FEF-40BD55ED374A}"
EndProject
Project("{9A19103F-16F7-4668-BE54-9A1E7A4F7556}") = "Core2022.Domain.Model", "Core2022.Domain.Model\Core2022.Domain.Model.csproj", "{7C7333D7-C95A-46D4-A227-04F3164FBB33}"
EndProject
Project("{9A19103F-16F7-4668-BE54-9A1E7A4F7556}") = "Core2022.Domain", "Core2022.Domain\Core2022.Domain.csproj", "{844BD8B4-BEBA-40DD-A2C9-57E17029E2D9}"
EndProject
Project("{9A19103F-16F7-4668-BE54-9A1E7A4F7556}") = "Core2022.Application.Services.Interface", "Core2022.Application.Services.Interface\Core2022.Application.Services.Interface.csproj", "{F0B6EF30-B128-40B7-9F61-E3321C92631E}"
EndProject
Project("{9A19103F-16F7-4668-BE54-9A1E7A4F7556}") = "Core2022.Application.Services.DTO", "Core2022.Application.Services.DTO\Core2022.Application.Services.DTO.csproj", "{6D0C777E-9D82-4081-894D-A4607074B5F3}"
EndProject
Project("{9A19103F-16F7-4668-BE54-9A1E7A4F7556}") = "Core2022.Application.Services", "Core2022.Application.Services\Core2022.Application.Services.csproj", "{E783F268-1FD6-4450-9099-00BE94FC7112}"
EndProject
Project("{9A19103F-16F7-4668-BE54-9A1E7A4F7556}") = "Core2022.Framework", "Core2022.Framework\Core2022.Framework.csproj", "{40AAE043-F113-43E8-A29B-EE37D1D964B7}"
EndProject
Project("{9A19103F-16F7-4668-BE54-9A1E7A4F7556}") = "Core2022.Framework.Commons", "Core2022.Framework.Commons\Core2022.Framework.Commons.csproj", "{A1B93CAB-3898-4F6D-A51B-2E65424A9E48}"
EndProject
Project("{9A19103F-16F7-4668-BE54-9A1E7A4F7556}") = "Core2022.Enum", "Core2022.Enum\Core2022.Enum.csproj", "{8800CCFA-DDB9-498F-A675-58467665A0E3}"
EndProject
Project("{2150E333-8FDC-42A3-9474-1A3956D46DE8}") = "5-Test", "5-Test", "{D84E7614-BD49-48AF-9E23-8A9032184E22}"
EndProject
Project("{FAE04EC0-301F-11D3-BF4B-00C04F79EFBC}") = "Core2022.Application.Services.Test", "Core2022.Application.Services.Test\Core2022.Application.Services.Test.csproj", "{94AF429E-FB35-426C-9BA7-40AEAF608481}"
EndProject
Global
	GlobalSection(SolutionConfigurationPlatforms) = preSolution
		Debug|Any CPU = Debug|Any CPU
		Release|Any CPU = Release|Any CPU
	EndGlobalSection
	GlobalSection(ProjectConfigurationPlatforms) = postSolution
		{84973E0A-E2B6-4263-8111-54A3A5692945}.Debug|Any CPU.ActiveCfg = Debug|Any CPU
		{84973E0A-E2B6-4263-8111-54A3A5692945}.Debug|Any CPU.Build.0 = Debug|Any CPU
		{84973E0A-E2B6-4263-8111-54A3A5692945}.Release|Any CPU.ActiveCfg = Release|Any CPU
		{84973E0A-E2B6-4263-8111-54A3A5692945}.Release|Any CPU.Build.0 = Release|Any CPU
		{C1A5942C-8A06-4968-9C6B-283551B5B334}.Debug|Any CPU.ActiveCfg = Debug|Any CPU
		{C1A5942C-8A06-4968-9C6B-283551B5B334}.Debug|Any CPU.Build.0 = Debug|Any CPU
		{C1A5942C-8A06-4968-9C6B-283551B5B334}.Release|Any CPU.ActiveCfg = Release|Any CPU
		{C1A5942C-8A06-4968-9C6B-283551B5B334}.Release|Any CPU.Build.0 = Release|Any CPU
		{4C89B7F8-5782-44A8-A33C-FCA4DEF6C1B1}.Debug|Any CPU.ActiveCfg = Debug|Any CPU
		{4C89B7F8-5782-44A8-A33C-FCA4DEF6C1B1}.Debug|Any CPU.Build.0 = Debug|Any CPU
		{4C89B7F8-5782-44A8-A33C-FCA4DEF6C1B1}.Release|Any CPU.ActiveCfg = Release|Any CPU
		{4C89B7F8-5782-44A8-A33C-FCA4DEF6C1B1}.Release|Any CPU.Build.0 = Release|Any CPU
		{0F4340A6-B507-4860-8FEF-40BD55ED374A}.Debug|Any CPU.ActiveCfg = Debug|Any CPU
		{0F4340A6-B507-4860-8FEF-40BD55ED374A}.Debug|Any CPU.Build.0 = Debug|Any CPU
		{0F4340A6-B507-4860-8FEF-40BD55ED374A}.Release|Any CPU.ActiveCfg = Release|Any CPU
		{0F4340A6-B507-4860-8FEF-40BD55ED374A}.Release|Any CPU.Build.0 = Release|Any CPU
		{7C7333D7-C95A-46D4-A227-04F3164FBB33}.Debug|Any CPU.ActiveCfg = Debug|Any CPU
		{7C7333D7-C95A-46D4-A227-04F3164FBB33}.Debug|Any CPU.Build.0 = Debug|Any CPU
		{7C7333D7-C95A-46D4-A227-04F3164FBB33}.Release|Any CPU.ActiveCfg = Release|Any CPU
		{7C7333D7-C95A-46D4-A227-04F3164FBB33}.Release|Any CPU.Build.0 = Release|Any CPU
		{844BD8B4-BEBA-40DD-A2C9-57E17029E2D9}.Debug|Any CPU.ActiveCfg = Debug|Any CPU
		{844BD8B4-BEBA-40DD-A2C9-57E17029E2D9}.Debug|Any CPU.Build.0 = Debug|Any CPU
		{844BD8B4-BEBA-40DD-A2C9-57E17029E2D9}.Release|Any CPU.ActiveCfg = Release|Any CPU
		{844BD8B4-BEBA-40DD-A2C9-57E17029E2D9}.Release|Any CPU.Build.0 = Release|Any CPU
		{F0B6EF30-B128-40B7-9F61-E3321C92631E}.Debug|Any CPU.ActiveCfg = Debug|Any CPU
		{F0B6EF30-B128-40B7-9F61-E3321C92631E}.Debug|Any CPU.Build.0 = Debug|Any CPU
		{F0B6EF30-B128-40B7-9F61-E3321C92631E}.Release|Any CPU.ActiveCfg = Release|Any CPU
		{F0B6EF30-B128-40B7-9F61-E3321C92631E}.Release|Any CPU.Build.0 = Release|Any CPU
		{6D0C777E-9D82-4081-894D-A4607074B5F3}.Debug|Any CPU.ActiveCfg = Debug|Any CPU
		{6D0C777E-9D82-4081-894D-A4607074B5F3}.Debug|Any CPU.Build.0 = Debug|Any CPU
		{6D0C777E-9D82-4081-894D-A4607074B5F3}.Release|Any CPU.ActiveCfg = Release|Any CPU
		{6D0C777E-9D82-4081-894D-A4607074B5F3}.Release|Any CPU.Build.0 = Release|Any CPU
		{E783F268-1FD6-4450-9099-00BE94FC7112}.Debug|Any CPU.ActiveCfg = Debug|Any CPU
		{E783F268-1FD6-4450-9099-00BE94FC7112}.Debug|Any CPU.Build.0 = Debug|Any CPU
		{E783F268-1FD6-4450-9099-00BE94FC7112}.Release|Any CPU.ActiveCfg = Release|Any CPU
		{E783F268-1FD6-4450-9099-00BE94FC7112}.Release|Any CPU.Build.0 = Release|Any CPU
		{40AAE043-F113-43E8-A29B-EE37D1D964B7}.Debug|Any CPU.ActiveCfg = Debug|Any CPU
		{40AAE043-F113-43E8-A29B-EE37D1D964B7}.Debug|Any CPU.Build.0 = Debug|Any CPU
		{40AAE043-F113-43E8-A29B-EE37D1D964B7}.Release|Any CPU.ActiveCfg = Release|Any CPU
		{40AAE043-F113-43E8-A29B-EE37D1D964B7}.Release|Any CPU.Build.0 = Release|Any CPU
		{A1B93CAB-3898-4F6D-A51B-2E65424A9E48}.Debug|Any CPU.ActiveCfg = Debug|Any CPU
		{A1B93CAB-3898-4F6D-A51B-2E65424A9E48}.Debug|Any CPU.Build.0 = Debug|Any CPU
		{A1B93CAB-3898-4F6D-A51B-2E65424A9E48}.Release|Any CPU.ActiveCfg = Release|Any CPU
		{A1B93CAB-3898-4F6D-A51B-2E65424A9E48}.Release|Any CPU.Build.0 = Release|Any CPU
		{8800CCFA-DDB9-498F-A675-58467665A0E3}.Debug|Any CPU.ActiveCfg = Debug|Any CPU
		{8800CCFA-DDB9-498F-A675-58467665A0E3}.Debug|Any CPU.Build.0 = Debug|Any CPU
		{8800CCFA-DDB9-498F-A675-58467665A0E3}.Release|Any CPU.ActiveCfg = Release|Any CPU
		{8800CCFA-DDB9-498F-A675-58467665A0E3}.Release|Any CPU.Build.0 = Release|Any CPU
		{94AF429E-FB35-426C-9BA7-40AEAF608481}.Debug|Any CPU.ActiveCfg = Debug|Any CPU
		{94AF429E-FB35-426C-9BA7-40AEAF608481}.Debug|Any CPU.Build.0 = Debug|Any CPU
		{94AF429E-FB35-426C-9BA7-40AEAF608481}.Release|Any CPU.ActiveCfg = Release|Any CPU
		{94AF429E-FB35-426C-9BA7-40AEAF608481}.Release|Any CPU.Build.0 = Release|Any CPU
	EndGlobalSection
	GlobalSection(SolutionProperties) = preSolution
		HideSolutionNode = FALSE
	EndGlobalSection
	GlobalSection(NestedProjects) = preSolution
		{84973E0A-E2B6-4263-8111-54A3A5692945} = {1CA66D2E-4858-4C53-BAA0-5F9E7DAB3265}
		{C1A5942C-8A06-4968-9C6B-283551B5B334} = {0037E0D9-C184-4ED1-8709-543DF71566B3}
		{4C89B7F8-5782-44A8-A33C-FCA4DEF6C1B1} = {0037E0D9-C184-4ED1-8709-543DF71566B3}
		{0F4340A6-B507-4860-8FEF-40BD55ED374A} = {14E35261-7936-4482-8085-1AF92EECDE9D}
		{7C7333D7-C95A-46D4-A227-04F3164FBB33} = {14E35261-7936-4482-8085-1AF92EECDE9D}
		{844BD8B4-BEBA-40DD-A2C9-57E17029E2D9} = {14E35261-7936-4482-8085-1AF92EECDE9D}
		{F0B6EF30-B128-40B7-9F61-E3321C92631E} = {D777D5C2-405F-4FDA-8741-B2F8D02B107F}
		{6D0C777E-9D82-4081-894D-A4607074B5F3} = {D777D5C2-405F-4FDA-8741-B2F8D02B107F}
		{E783F268-1FD6-4450-9099-00BE94FC7112} = {D777D5C2-405F-4FDA-8741-B2F8D02B107F}
		{40AAE043-F113-43E8-A29B-EE37D1D964B7} = {74F56348-1A53-4C9B-8FC3-33597DF8CCFA}
		{A1B93CAB-3898-4F6D-A51B-2E65424A9E48} = {74F56348-1A53-4C9B-8FC3-33597DF8CCFA}
		{8800CCFA-DDB9-498F-A675-58467665A0E3} = {74F56348-1A53-4C9B-8FC3-33597DF8CCFA}
		{94AF429E-FB35-426C-9BA7-40AEAF608481} = {D84E7614-BD49-48AF-9E23-8A9032184E22}
	EndGlobalSection
	GlobalSection(ExtensibilityGlobals) = postSolution
		SolutionGuid = {C54526CE-3089-4372-812E-69C807B1F1D9}
	EndGlobalSection
EndGlobal
